
Microsoft Visual Studio Solution File, Format Version 12.00
# Visual Studio 15
VisualStudioVersion = 15.0.27004.2009
MinimumVisualStudioVersion = 10.0.40219.1
Project("{8BC9CEB8-8B4A-11D0-8D11-00A0C91BC942}") = "Ghostbait", "Ghostbait\Ghostbait.vcxproj", "{81CB01F4-96F0-407D-8E31-32BF50C20BDE}"
EndProject
Project("{FAE04EC0-301F-11D3-BF4B-00C04F79EFBC}") = "GhostbaitModelCreator", "GhostbaitModelCreator\GhostbaitModelCreator.csproj", "{D97219FC-7CFF-44C4-B96D-76677E3133FF}"
EndProject
Project("{FAE04EC0-301F-11D3-BF4B-00C04F79EFBC}") = "GhostbaitSceneCreator", "GhostbaitSceneCreator\GhostbaitSceneCreator.csproj", "{035B078F-99C7-497E-B825-BA5BA99BB4C9}"
EndProject
Project("{8BC9CEB8-8B4A-11D0-8D11-00A0C91BC942}") = "Omiracon", "Omiracon\Omiracon.vcxproj", "{5D60A83F-BAF7-47E7-BF18-BE05750EEB8D}"
EndProject
Project("{8BC9CEB8-8B4A-11D0-8D11-00A0C91BC942}") = "GhostbaitCommon", "GhostbaitCommon\GhostbaitCommon.vcxproj", "{7DC2F324-6D8F-4B01-8687-80D74649226C}"
EndProject
Global
	GlobalSection(Performance) = preSolution
		HasPerformanceSessions = true
	EndGlobalSection
	GlobalSection(SolutionConfigurationPlatforms) = preSolution
		Debug|Any CPU = Debug|Any CPU
		Debug|x64 = Debug|x64
		Debug|x86 = Debug|x86
		Release|Any CPU = Release|Any CPU
		Release|x64 = Release|x64
		Release|x86 = Release|x86
	EndGlobalSection
	GlobalSection(ProjectConfigurationPlatforms) = postSolution
		{81CB01F4-96F0-407D-8E31-32BF50C20BDE}.Debug|Any CPU.ActiveCfg = Debug|Win32
		{81CB01F4-96F0-407D-8E31-32BF50C20BDE}.Debug|x64.ActiveCfg = Debug|x64
		{81CB01F4-96F0-407D-8E31-32BF50C20BDE}.Debug|x64.Build.0 = Debug|x64
		{81CB01F4-96F0-407D-8E31-32BF50C20BDE}.Debug|x86.ActiveCfg = Debug|Win32
		{81CB01F4-96F0-407D-8E31-32BF50C20BDE}.Debug|x86.Build.0 = Debug|Win32
		{81CB01F4-96F0-407D-8E31-32BF50C20BDE}.Release|Any CPU.ActiveCfg = Release|Win32
		{81CB01F4-96F0-407D-8E31-32BF50C20BDE}.Release|x64.ActiveCfg = Release|x64
		{81CB01F4-96F0-407D-8E31-32BF50C20BDE}.Release|x64.Build.0 = Release|x64
		{81CB01F4-96F0-407D-8E31-32BF50C20BDE}.Release|x86.ActiveCfg = Release|Win32
		{81CB01F4-96F0-407D-8E31-32BF50C20BDE}.Release|x86.Build.0 = Release|Win32
		{D97219FC-7CFF-44C4-B96D-76677E3133FF}.Debug|Any CPU.ActiveCfg = Debug|Any CPU
		{D97219FC-7CFF-44C4-B96D-76677E3133FF}.Debug|Any CPU.Build.0 = Debug|Any CPU
		{D97219FC-7CFF-44C4-B96D-76677E3133FF}.Debug|x64.ActiveCfg = Debug|Any CPU
		{D97219FC-7CFF-44C4-B96D-76677E3133FF}.Debug|x64.Build.0 = Debug|Any CPU
		{D97219FC-7CFF-44C4-B96D-76677E3133FF}.Debug|x86.ActiveCfg = Debug|Any CPU
		{D97219FC-7CFF-44C4-B96D-76677E3133FF}.Debug|x86.Build.0 = Debug|Any CPU
		{D97219FC-7CFF-44C4-B96D-76677E3133FF}.Release|Any CPU.ActiveCfg = Release|Any CPU
		{D97219FC-7CFF-44C4-B96D-76677E3133FF}.Release|Any CPU.Build.0 = Release|Any CPU
		{D97219FC-7CFF-44C4-B96D-76677E3133FF}.Release|x64.ActiveCfg = Release|Any CPU
		{D97219FC-7CFF-44C4-B96D-76677E3133FF}.Release|x64.Build.0 = Release|Any CPU
		{D97219FC-7CFF-44C4-B96D-76677E3133FF}.Release|x86.ActiveCfg = Release|Any CPU
		{D97219FC-7CFF-44C4-B96D-76677E3133FF}.Release|x86.Build.0 = Release|Any CPU
		{035B078F-99C7-497E-B825-BA5BA99BB4C9}.Debug|Any CPU.ActiveCfg = Debug|Any CPU
		{035B078F-99C7-497E-B825-BA5BA99BB4C9}.Debug|Any CPU.Build.0 = Debug|Any CPU
		{035B078F-99C7-497E-B825-BA5BA99BB4C9}.Debug|x64.ActiveCfg = Debug|Any CPU
		{035B078F-99C7-497E-B825-BA5BA99BB4C9}.Debug|x64.Build.0 = Debug|Any CPU
		{035B078F-99C7-497E-B825-BA5BA99BB4C9}.Debug|x86.ActiveCfg = Debug|Any CPU
		{035B078F-99C7-497E-B825-BA5BA99BB4C9}.Debug|x86.Build.0 = Debug|Any CPU
		{035B078F-99C7-497E-B825-BA5BA99BB4C9}.Release|Any CPU.ActiveCfg = Release|Any CPU
		{035B078F-99C7-497E-B825-BA5BA99BB4C9}.Release|Any CPU.Build.0 = Release|Any CPU
		{035B078F-99C7-497E-B825-BA5BA99BB4C9}.Release|x64.ActiveCfg = Release|Any CPU
		{035B078F-99C7-497E-B825-BA5BA99BB4C9}.Release|x64.Build.0 = Release|Any CPU
		{035B078F-99C7-497E-B825-BA5BA99BB4C9}.Release|x86.ActiveCfg = Release|Any CPU
		{035B078F-99C7-497E-B825-BA5BA99BB4C9}.Release|x86.Build.0 = Release|Any CPU
		{5D60A83F-BAF7-47E7-BF18-BE05750EEB8D}.Debug|Any CPU.ActiveCfg = Debug|Win32
		{5D60A83F-BAF7-47E7-BF18-BE05750EEB8D}.Debug|x64.ActiveCfg = Debug|x64
		{5D60A83F-BAF7-47E7-BF18-BE05750EEB8D}.Debug|x64.Build.0 = Debug|x64
		{5D60A83F-BAF7-47E7-BF18-BE05750EEB8D}.Debug|x86.ActiveCfg = Debug|Win32
		{5D60A83F-BAF7-47E7-BF18-BE05750EEB8D}.Debug|x86.Build.0 = Debug|Win32
		{5D60A83F-BAF7-47E7-BF18-BE05750EEB8D}.Release|Any CPU.ActiveCfg = Release|Win32
		{5D60A83F-BAF7-47E7-BF18-BE05750EEB8D}.Release|x64.ActiveCfg = Release|x64
		{5D60A83F-BAF7-47E7-BF18-BE05750EEB8D}.Release|x64.Build.0 = Release|x64
		{5D60A83F-BAF7-47E7-BF18-BE05750EEB8D}.Release|x86.ActiveCfg = Release|Win32
		{5D60A83F-BAF7-47E7-BF18-BE05750EEB8D}.Release|x86.Build.0 = Release|Win32
		{7DC2F324-6D8F-4B01-8687-80D74649226C}.Debug|Any CPU.ActiveCfg = Debug|Win32
		{7DC2F324-6D8F-4B01-8687-80D74649226C}.Debug|x64.ActiveCfg = Debug|x64
		{7DC2F324-6D8F-4B01-8687-80D74649226C}.Debug|x64.Build.0 = Debug|x64
		{7DC2F324-6D8F-4B01-8687-80D74649226C}.Debug|x86.ActiveCfg = Debug|Win32
		{7DC2F324-6D8F-4B01-8687-80D74649226C}.Debug|x86.Build.0 = Debug|Win32
		{7DC2F324-6D8F-4B01-8687-80D74649226C}.Release|Any CPU.ActiveCfg = Release|Win32
		{7DC2F324-6D8F-4B01-8687-80D74649226C}.Release|x64.ActiveCfg = Release|x64
		{7DC2F324-6D8F-4B01-8687-80D74649226C}.Release|x64.Build.0 = Release|x64
		{7DC2F324-6D8F-4B01-8687-80D74649226C}.Release|x86.ActiveCfg = Release|Win32
		{7DC2F324-6D8F-4B01-8687-80D74649226C}.Release|x86.Build.0 = Release|Win32
	EndGlobalSection
	GlobalSection(SolutionProperties) = preSolution
		HideSolutionNode = FALSE
	EndGlobalSection
	GlobalSection(ExtensibilityGlobals) = postSolution
		SolutionGuid = {FA4E7E1E-2612-4CCB-A674-26EC6B286F68}
	EndGlobalSection
	GlobalSection(Performance) = preSolution
		HasPerformanceSessions = true
	EndGlobalSection
	GlobalSection(Performance) = preSolution
		HasPerformanceSessions = true
	EndGlobalSection
	GlobalSection(Performance) = preSolution
		HasPerformanceSessions = true
	EndGlobalSection
	GlobalSection(Performance) = preSolution
		HasPerformanceSessions = true
	EndGlobalSection
	GlobalSection(Performance) = preSolution
		HasPerformanceSessions = true
	EndGlobalSection
EndGlobal
